
Microsoft Visual Studio Solution File, Format Version 12.00
# Visual Studio Version 17
VisualStudioVersion = 17.13.35818.85 d17.13
MinimumVisualStudioVersion = 10.0.40219.1
Project("{FAE04EC0-301F-11D3-BF4B-00C04F79EFBC}") = "SDF1", "SDF1\SDF1.csproj", "{B3B32E0D-07D3-4685-A1D6-FB1779B4B773}"
EndProject
Global
	GlobalSection(SolutionConfigurationPlatforms) = preSolution
		Debug|Any CPU = Debug|Any CPU
		Release|Any CPU = Release|Any CPU
	EndGlobalSection
	GlobalSection(ProjectConfigurationPlatforms) = postSolution
		{B3B32E0D-07D3-4685-A1D6-FB1779B4B773}.Debug|Any CPU.ActiveCfg = Debug|Any CPU
		{B3B32E0D-07D3-4685-A1D6-FB1779B4B773}.Debug|Any CPU.Build.0 = Debug|Any CPU
		{B3B32E0D-07D3-4685-A1D6-FB1779B4B773}.Release|Any CPU.ActiveCfg = Release|Any CPU
		{B3B32E0D-07D3-4685-A1D6-FB1779B4B773}.Release|Any CPU.Build.0 = Release|Any CPU
	EndGlobalSection
	GlobalSection(SolutionProperties) = preSolution
		HideSolutionNode = FALSE
	EndGlobalSection
	GlobalSection(ExtensibilityGlobals) = postSolution
		SolutionGuid = {B63868F1-3470-497C-A7D8-43730DA5050D}
	EndGlobalSection
EndGlobal
